
Microsoft Visual Studio Solution File, Format Version 12.00
# Visual Studio Version 16
VisualStudioVersion = 16.0.31424.327
MinimumVisualStudioVersion = 10.0.40219.1
Project("{FAE04EC0-301F-11D3-BF4B-00C04F79EFBC}") = "project-c-sharp", "project-c-sharp\project-c-sharp.csproj", "{2FD50768-11FC-400D-BFAA-8700C2C23524}"
EndProject
Global
	GlobalSection(SolutionConfigurationPlatforms) = preSolution
		Debug|Any CPU = Debug|Any CPU
		Release|Any CPU = Release|Any CPU
	EndGlobalSection
	GlobalSection(ProjectConfigurationPlatforms) = postSolution
		{2FD50768-11FC-400D-BFAA-8700C2C23524}.Debug|Any CPU.ActiveCfg = Debug|Any CPU
		{2FD50768-11FC-400D-BFAA-8700C2C23524}.Debug|Any CPU.Build.0 = Debug|Any CPU
		{2FD50768-11FC-400D-BFAA-8700C2C23524}.Release|Any CPU.ActiveCfg = Release|Any CPU
		{2FD50768-11FC-400D-BFAA-8700C2C23524}.Release|Any CPU.Build.0 = Release|Any CPU
	EndGlobalSection
	GlobalSection(SolutionProperties) = preSolution
		HideSolutionNode = FALSE
	EndGlobalSection
	GlobalSection(ExtensibilityGlobals) = postSolution
		SolutionGuid = {F55B21CF-A2B7-47CF-A0C6-1639C9F27585}
	EndGlobalSection
EndGlobal
